// !$*UTF8*$!
{
	archiveVersion = 1;
	classes = {
	};
	objectVersion = 77;
	objects = {

/* Begin PBXContainerItemProxy section */
		8B2DD4902F3B5CF600B747F8 /* PBXContainerItemProxy */ = {
			isa = PBXContainerItemProxy;
			containerPortal = 8B2DD47A2F3B5CF500B747F8 /* Project object */;
			proxyType = 1;
			remoteGlobalIDString = 8B2DD4812F3B5CF500B747F8;
			remoteInfo = ContractorQRScanner;
		};
		8B2DD49A2F3B5CF600B747F8 /* PBXContainerItemProxy */ = {
			isa = PBXContainerItemProxy;
			containerPortal = 8B2DD47A2F3B5CF500B747F8 /* Project object */;
			proxyType = 1;
			remoteGlobalIDString = 8B2DD4812F3B5CF500B747F8;
			remoteInfo = ContractorQRScanner;
		};
/* End PBXContainerItemProxy section */

/* Begin PBXFileReference section */
		8B2DD4822F3B5CF500B747F8 /* ContractorQRScanner.app */ = {isa = PBXFileReference; explicitFileType = wrapper.application; includeInIndex = 0; path = ContractorQRScanner.app; sourceTree = BUILT_PRODUCTS_DIR; };
		8B2DD48F2F3B5CF600B747F8 /* ContractorQRScannerTests.xctest */ = {isa = PBXFileReference; explicitFileType = wrapper.cfbundle; includeInIndex = 0; path = ContractorQRScannerTests.xctest; sourceTree = BUILT_PRODUCTS_DIR; };
		8B2DD4992F3B5CF600B747F8 /* ContractorQRScannerUITests.xctest */ = {isa = PBXFileReference; explicitFileType = wrapper.cfbundle; includeInIndex = 0; path = ContractorQRScannerUITests.xctest; sourceTree = BUILT_PRODUCTS_DIR; };
/* End PBXFileReference section */

/* Begin PBXFileSystemSynchronizedRootGroup section */
		8B2DD4842F3B5CF500B747F8 /* ContractorQRScanner */ = {
			isa = PBXFileSystemSynchronizedRootGroup;
			path = ContractorQRScanner;
			sourceTree = "<group>";
		};
		8B2DD4922F3B5CF600B747F8 /* ContractorQRScannerTests */ = {
			isa = PBXFileSystemSynchronizedRootGroup;
			path = ContractorQRScannerTests;
			sourceTree = "<group>";
		};
		8B2DD49C2F3B5CF600B747F8 /* ContractorQRScannerUITests */ = {
			isa = PBXFileSystemSynchronizedRootGroup;
			path = ContractorQRScannerUITests;
			sourceTree = "<group>";
		};
/* End PBXFileSystemSynchronizedRootGroup section */

/* Begin PBXFrameworksBuildPhase section */
		8B2DD47F2F3B5CF500B747F8 /* Frameworks */ = {
			isa = PBXFrameworksBuildPhase;
			buildActionMask = 2147483647;
			files = (
			);
			runOnlyForDeploymentPostprocessing = 0;
		};
		8B2DD48C2F3B5CF600B747F8 /* Frameworks */ = {
			isa = PBXFrameworksBuildPhase;
			buildActionMask = 2147483647;
			files = (
			);
			runOnlyForDeploymentPostprocessing = 0;
		};
		8B2DD4962F3B5CF600B747F8 /* Frameworks */ = {
			isa = PBXFrameworksBuildPhase;
			buildActionMask = 2147483647;
			files = (
			);
			runOnlyForDeploymentPostprocessing = 0;
		};
/* End PBXFrameworksBuildPhase section */

/* Begin PBXGroup section */
		8B2DD4792F3B5CF500B747F8 = {
			isa = PBXGroup;
			children = (
				8B2DD4842F3B5CF500B747F8 /* ContractorQRScanner */,
				8B2DD4922F3B5CF600B747F8 /* ContractorQRScannerTests */,
				8B2DD49C2F3B5CF600B747F8 /* ContractorQRScannerUITests */,
				8B2DD4832F3B5CF500B747F8 /* Products */,
			);
			sourceTree = "<group>";
		};
		8B2DD4832F3B5CF500B747F8 /* Products */ = {
			isa = PBXGroup;
			children = (
				8B2DD4822F3B5CF500B747F8 /* ContractorQRScanner.app */,
				8B2DD48F2F3B5CF600B747F8 /* ContractorQRScannerTests.xctest */,
				8B2DD4992F3B5CF600B747F8 /* ContractorQRScannerUITests.xctest */,
			);
			name = Products;
			sourceTree = "<group>";
		};
/* End PBXGroup section */

/* Begin PBXNativeTarget section */
		8B2DD4812F3B5CF500B747F8 /* ContractorQRScanner */ = {
			isa = PBXNativeTarget;
			buildConfigurationList = 8B2DD4A32F3B5CF600B747F8 /* Build configuration list for PBXNativeTarget "ContractorQRScanner" */;
			buildPhases = (
				8B2DD47E2F3B5CF500B747F8 /* Sources */,
				8B2DD47F2F3B5CF500B747F8 /* Frameworks */,
				8B2DD4802F3B5CF500B747F8 /* Resources */,
			);
			buildRules = (
			);
			dependencies = (
			);
			fileSystemSynchronizedGroups = (
				8B2DD4842F3B5CF500B747F8 /* ContractorQRScanner */,
			);
			name = ContractorQRScanner;
			packageProductDependencies = (
			);
			productName = ContractorQRScanner;
			productReference = 8B2DD4822F3B5CF500B747F8 /* ContractorQRScanner.app */;
			productType = "com.apple.product-type.application";
		};
		8B2DD48E2F3B5CF600B747F8 /* ContractorQRScannerTests */ = {
			isa = PBXNativeTarget;
			buildConfigurationList = 8B2DD4A62F3B5CF600B747F8 /* Build configuration list for PBXNativeTarget "ContractorQRScannerTests" */;
			buildPhases = (
				8B2DD48B2F3B5CF600B747F8 /* Sources */,
				8B2DD48C2F3B5CF600B747F8 /* Frameworks */,
				8B2DD48D2F3B5CF600B747F8 /* Resources */,
			);
			buildRules = (
			);
			dependencies = (
				8B2DD4912F3B5CF600B747F8 /* PBXTargetDependency */,
			);
			fileSystemSynchronizedGroups = (
				8B2DD4922F3B5CF600B747F8 /* ContractorQRScannerTests */,
			);
			name = ContractorQRScannerTests;
			packageProductDependencies = (
			);
			productName = ContractorQRScannerTests;
			productReference = 8B2DD48F2F3B5CF600B747F8 /* ContractorQRScannerTests.xctest */;
			productType = "com.apple.product-type.bundle.unit-test";
		};
		8B2DD4982F3B5CF600B747F8 /* ContractorQRScannerUITests */ = {
			isa = PBXNativeTarget;
			buildConfigurationList = 8B2DD4A92F3B5CF600B747F8 /* Build configuration list for PBXNativeTarget "ContractorQRScannerUITests" */;
			buildPhases = (
				8B2DD4952F3B5CF600B747F8 /* Sources */,
				8B2DD4962F3B5CF600B747F8 /* Frameworks */,
				8B2DD4972F3B5CF600B747F8 /* Resources */,
			);
			buildRules = (
			);
			dependencies = (
				8B2DD49B2F3B5CF600B747F8 /* PBXTargetDependency */,
			);
			fileSystemSynchronizedGroups = (
				8B2DD49C2F3B5CF600B747F8 /* ContractorQRScannerUITests */,
			);
			name = ContractorQRScannerUITests;
			packageProductDependencies = (
			);
			productName = ContractorQRScannerUITests;
			productReference = 8B2DD4992F3B5CF600B747F8 /* ContractorQRScannerUITests.xctest */;
			productType = "com.apple.product-type.bundle.ui-testing";
		};
/* End PBXNativeTarget section */

/* Begin PBXProject section */
		8B2DD47A2F3B5CF500B747F8 /* Project object */ = {
			isa = PBXProject;
			attributes = {
				BuildIndependentTargetsInParallel = 1;
				LastSwiftUpdateCheck = 2620;
				LastUpgradeCheck = 2620;
				TargetAttributes = {
					8B2DD4812F3B5CF500B747F8 = {
						CreatedOnToolsVersion = 26.2;
					};
					8B2DD48E2F3B5CF600B747F8 = {
						CreatedOnToolsVersion = 26.2;
						TestTargetID = 8B2DD4812F3B5CF500B747F8;
					};
					8B2DD4982F3B5CF600B747F8 = {
						CreatedOnToolsVersion = 26.2;
						TestTargetID = 8B2DD4812F3B5CF500B747F8;
					};
				};
			};
			buildConfigurationList = 8B2DD47D2F3B5CF500B747F8 /* Build configuration list for PBXProject "ContractorQRScanner" */;
			developmentRegion = en;
			hasScannedForEncodings = 0;
			knownRegions = (
				en,
				Base,
			);
			mainGroup = 8B2DD4792F3B5CF500B747F8;
			minimizedProjectReferenceProxies = 1;
			preferredProjectObjectVersion = 77;
			productRefGroup = 8B2DD4832F3B5CF500B747F8 /* Products */;
			projectDirPath = "";
			projectRoot = "";
			targets = (
				8B2DD4812F3B5CF500B747F8 /* ContractorQRScanner */,
				8B2DD48E2F3B5CF600B747F8 /* ContractorQRScannerTests */,
				8B2DD4982F3B5CF600B747F8 /* ContractorQRScannerUITests */,
			);
		};
/* End PBXProject section */

/* Begin PBXResourcesBuildPhase section */
		8B2DD4802F3B5CF500B747F8 /* Resources */ = {
			isa = PBXResourcesBuildPhase;
			buildActionMask = 2147483647;
			files = (
			);
			runOnlyForDeploymentPostprocessing = 0;
		};
		8B2DD48D2F3B5CF600B747F8 /* Resources */ = {
			isa = PBXResourcesBuildPhase;
			buildActionMask = 2147483647;
			files = (
			);
			runOnlyForDeploymentPostprocessing = 0;
		};
		8B2DD4972F3B5CF600B747F8 /* Resources */ = {
			isa = PBXResourcesBuildPhase;
			buildActionMask = 2147483647;
			files = (
			);
			runOnlyForDeploymentPostprocessing = 0;
		};
/* End PBXResourcesBuildPhase section */

/* Begin PBXSourcesBuildPhase section */
		8B2DD47E2F3B5CF500B747F8 /* Sources */ = {
			isa = PBXSourcesBuildPhase;
			buildActionMask = 2147483647;
			files = (
			);
			runOnlyForDeploymentPostprocessing = 0;
		};
		8B2DD48B2F3B5CF600B747F8 /* Sources */ = {
			isa = PBXSourcesBuildPhase;
			buildActionMask = 2147483647;
			files = (
			);
			runOnlyForDeploymentPostprocessing = 0;
		};
		8B2DD4952F3B5CF600B747F8 /* Sources */ = {
			isa = PBXSourcesBuildPhase;
			buildActionMask = 2147483647;
			files = (
			);
			runOnlyForDeploymentPostprocessing = 0;
		};
/* End PBXSourcesBuildPhase section */

/* Begin PBXTargetDependency section */
		8B2DD4912F3B5CF600B747F8 /* PBXTargetDependency */ = {
			isa = PBXTargetDependency;
			target = 8B2DD4812F3B5CF500B747F8 /* ContractorQRScanner */;
			targetProxy = 8B2DD4902F3B5CF600B747F8 /* PBXContainerItemProxy */;
		};
		8B2DD49B2F3B5CF600B747F8 /* PBXTargetDependency */ = {
			isa = PBXTargetDependency;
			target = 8B2DD4812F3B5CF500B747F8 /* ContractorQRScanner */;
			targetProxy = 8B2DD49A2F3B5CF600B747F8 /* PBXContainerItemProxy */;
		};
/* End PBXTargetDependency section */

/* Begin XCBuildConfiguration section */
		8B2DD4A12F3B5CF600B747F8 /* Debug */ = {
			isa = XCBuildConfiguration;
			buildSettings = {
				ALWAYS_SEARCH_USER_PATHS = NO;
				ASSETCATALOG_COMPILER_GENERATE_SWIFT_ASSET_SYMBOL_EXTENSIONS = YES;
				CLANG_ANALYZER_NONNULL = YES;
				CLANG_ANALYZER_NUMBER_OBJECT_CONVERSION = YES_AGGRESSIVE;
				CLANG_CXX_LANGUAGE_STANDARD = "gnu++20";
				CLANG_ENABLE_MODULES = YES;
				CLANG_ENABLE_OBJC_ARC = YES;
				CLANG_ENABLE_OBJC_WEAK = YES;
				CLANG_WARN_BLOCK_CAPTURE_AUTORELEASING = YES;
				CLANG_WARN_BOOL_CONVERSION = YES;
				CLANG_WARN_COMMA = YES;
				CLANG_WARN_CONSTANT_CONVERSION = YES;
				CLANG_WARN_DEPRECATED_OBJC_IMPLEMENTATIONS = YES;
				CLANG_WARN_DIRECT_OBJC_ISA_USAGE = YES_ERROR;
				CLANG_WARN_DOCUMENTATION_COMMENTS = YES;
				CLANG_WARN_EMPTY_BODY = YES;
				CLANG_WARN_ENUM_CONVERSION = YES;
				CLANG_WARN_INFINITE_RECURSION = YES;
				CLANG_WARN_INT_CONVERSION = YES;
				CLANG_WARN_NON_LITERAL_NULL_CONVERSION = YES;
				CLANG_WARN_OBJC_IMPLICIT_RETAIN_SELF = YES;
				CLANG_WARN_OBJC_LITERAL_CONVERSION = YES;
				CLANG_WARN_OBJC_ROOT_CLASS = YES_ERROR;
				CLANG_WARN_QUOTED_INCLUDE_IN_FRAMEWORK_HEADER = YES;
				CLANG_WARN_RANGE_LOOP_ANALYSIS = YES;
				CLANG_WARN_STRICT_PROTOTYPES = YES;
				CLANG_WARN_SUSPICIOUS_MOVE = YES;
				CLANG_WARN_UNGUARDED_AVAILABILITY = YES_AGGRESSIVE;
				CLANG_WARN_UNREACHABLE_CODE = YES;
				CLANG_WARN__DUPLICATE_METHOD_MATCH = YES;
				COPY_PHASE_STRIP = NO;
				DEBUG_INFORMATION_FORMAT = dwarf;
				DEVELOPMENT_TEAM = 2DKRJBQGU3;
				ENABLE_STRICT_OBJC_MSGSEND = YES;
				ENABLE_TESTABILITY = YES;
				ENABLE_USER_SCRIPT_SANDBOXING = YES;
				GCC_C_LANGUAGE_STANDARD = gnu17;
				GCC_DYNAMIC_NO_PIC = NO;
				GCC_NO_COMMON_BLOCKS = YES;
				GCC_OPTIMIZATION_LEVEL = 0;
				GCC_PREPROCESSOR_DEFINITIONS = (
					"DEBUG=1",
					"$(inherited)",
				);
				GCC_WARN_64_TO_32_BIT_CONVERSION = YES;
				GCC_WARN_ABOUT_RETURN_TYPE = YES_ERROR;
				GCC_WARN_UNDECLARED_SELECTOR = YES;
				GCC_WARN_UNINITIALIZED_AUTOS = YES_AGGRESSIVE;
				GCC_WARN_UNUSED_FUNCTION = YES;
				GCC_WARN_UNUSED_VARIABLE = YES;
				IPHONEOS_DEPLOYMENT_TARGET = 16.0;
				LOCALIZATION_PREFERS_STRING_CATALOGS = YES;
				MTL_ENABLE_DEBUG_INFO = INCLUDE_SOURCE;
				MTL_FAST_MATH = YES;
				ONLY_ACTIVE_ARCH = YES;
				SDKROOT = iphoneos;
				SWIFT_ACTIVE_COMPILATION_CONDITIONS = "DEBUG $(inherited)";
				SWIFT_OPTIMIZATION_LEVEL = "-Onone";
			};
			name = Debug;
		};
		8B2DD4A22F3B5CF600B747F8 /* Release */ = {
			isa = XCBuildConfiguration;
			buildSettings = {
				ALWAYS_SEARCH_USER_PATHS = NO;
				ASSETCATALOG_COMPILER_GENERATE_SWIFT_ASSET_SYMBOL_EXTENSIONS = YES;
				CLANG_ANALYZER_NONNULL = YES;
				CLANG_ANALYZER_NUMBER_OBJECT_CONVERSION = YES_AGGRESSIVE;
				CLANG_CXX_LANGUAGE_STANDARD = "gnu++20";
				CLANG_ENABLE_MODULES = YES;
				CLANG_ENABLE_OBJC_ARC = YES;
				CLANG_ENABLE_OBJC_WEAK = YES;
				CLANG_WARN_BLOCK_CAPTURE_AUTORELEASING = YES;
				CLANG_WARN_BOOL_CONVERSION = YES;
				CLANG_WARN_COMMA = YES;
				CLANG_WARN_CONSTANT_CONVERSION = YES;
				CLANG_WARN_DEPRECATED_OBJC_IMPLEMENTATIONS = YES;
				CLANG_WARN_DIRECT_OBJC_ISA_USAGE = YES_ERROR;
				CLANG_WARN_DOCUMENTATION_COMMENTS = YES;
				CLANG_WARN_EMPTY_BODY = YES;
				CLANG_WARN_ENUM_CONVERSION = YES;
				CLANG_WARN_INFINITE_RECURSION = YES;
				CLANG_WARN_INT_CONVERSION = YES;
				CLANG_WARN_NON_LITERAL_NULL_CONVERSION = YES;
				CLANG_WARN_OBJC_IMPLICIT_RETAIN_SELF = YES;
				CLANG_WARN_OBJC_LITERAL_CONVERSION = YES;
				CLANG_WARN_OBJC_ROOT_CLASS = YES_ERROR;
				CLANG_WARN_QUOTED_INCLUDE_IN_FRAMEWORK_HEADER = YES;
				CLANG_WARN_RANGE_LOOP_ANALYSIS = YES;
				CLANG_WARN_STRICT_PROTOTYPES = YES;
				CLANG_WARN_SUSPICIOUS_MOVE = YES;
				CLANG_WARN_UNGUARDED_AVAILABILITY = YES_AGGRESSIVE;
				CLANG_WARN_UNREACHABLE_CODE = YES;
				CLANG_WARN__DUPLICATE_METHOD_MATCH = YES;
				COPY_PHASE_STRIP = NO;
				DEBUG_INFORMATION_FORMAT = "dwarf-with-dsym";
				DEVELOPMENT_TEAM = 2DKRJBQGU3;
				ENABLE_NS_ASSERTIONS = NO;
				ENABLE_STRICT_OBJC_MSGSEND = YES;
				ENABLE_USER_SCRIPT_SANDBOXING = YES;
				GCC_C_LANGUAGE_STANDARD = gnu17;
				GCC_NO_COMMON_BLOCKS = YES;
				GCC_WARN_64_TO_32_BIT_CONVERSION = YES;
				GCC_WARN_ABOUT_RETURN_TYPE = YES_ERROR;
				GCC_WARN_UNDECLARED_SELECTOR = YES;
				GCC_WARN_UNINITIALIZED_AUTOS = YES_AGGRESSIVE;
				GCC_WARN_UNUSED_FUNCTION = YES;
				GCC_WARN_UNUSED_VARIABLE = YES;
				IPHONEOS_DEPLOYMENT_TARGET = 16.0;
				LOCALIZATION_PREFERS_STRING_CATALOGS = YES;
				MTL_ENABLE_DEBUG_INFO = NO;
				MTL_FAST_MATH = YES;
				SDKROOT = iphoneos;
				SWIFT_COMPILATION_MODE = wholemodule;
				VALIDATE_PRODUCT = YES;
			};
			name = Release;
		};
		8B2DD4A42F3B5CF600B747F8 /* Debug */ = {
			isa = XCBuildConfiguration;
			buildSettings = {
				ASSETCATALOG_COMPILER_APPICON_NAME = AppIcon;
				ASSETCATALOG_COMPILER_GLOBAL_ACCENT_COLOR_NAME = AccentColor;
				CODE_SIGN_STYLE = Automatic;
				CURRENT_PROJECT_VERSION = 1;
				DEVELOPMENT_TEAM = 2DKRJBQGU3;
				ENABLE_PREVIEWS = YES;
				GENERATE_INFOPLIST_FILE = YES;
				INFOPLIST_KEY_NSCameraUsageDescription = "Camera access is required to scan contractor QR codes for site entry validation";
				INFOPLIST_KEY_UIApplicationSceneManifest_Generation = YES;
				INFOPLIST_KEY_UIApplicationSupportsIndirectInputEvents = YES;
				INFOPLIST_KEY_UILaunchScreen_Generation = YES;
				INFOPLIST_KEY_UISupportedInterfaceOrientations_iPad = "UIInterfaceOrientationPortrait UIInterfaceOrientationPortraitUpsideDown UIInterfaceOrientationLandscapeLeft UIInterfaceOrientationLandscapeRight";
				INFOPLIST_KEY_UISupportedInterfaceOrientations_iPhone = "UIInterfaceOrientationPortrait UIInterfaceOrientationLandscapeLeft UIInterfaceOrientationLandscapeRight";
				LD_RUNPATH_SEARCH_PATHS = (
					"$(inherited)",
					"@executable_path/Frameworks",
				);
				MARKETING_VERSION = 1.0;
				PRODUCT_BUNDLE_IDENTIFIER = "com.prag-matic.ContractorQRScanner";
				PRODUCT_NAME = "$(TARGET_NAME)";
				STRING_CATALOG_GENERATE_SYMBOLS = YES;
				SWIFT_APPROACHABLE_CONCURRENCY = YES;
				SWIFT_DEFAULT_ACTOR_ISOLATION = MainActor;
				SWIFT_EMIT_LOC_STRINGS = YES;
				SWIFT_UPCOMING_FEATURE_MEMBER_IMPORT_VISIBILITY = YES;
				SWIFT_VERSION = 5.0;
				TARGETED_DEVICE_FAMILY = "1,2";
			};
			name = Debug;
		};
		8B2DD4A52F3B5CF600B747F8 /* Release */ = {
			isa = XCBuildConfiguration;
			buildSettings = {
				ASSETCATALOG_COMPILER_APPICON_NAME = AppIcon;
				ASSETCATALOG_COMPILER_GLOBAL_ACCENT_COLOR_NAME = AccentColor;
				CODE_SIGN_STYLE = Automatic;
				CURRENT_PROJECT_VERSION = 1;
				DEVELOPMENT_TEAM = 2DKRJBQGU3;
				ENABLE_PREVIEWS = YES;
				GENERATE_INFOPLIST_FILE = YES;
				INFOPLIST_KEY_NSCameraUsageDescription = "Camera access is required to scan contractor QR codes for site entry validation";
				INFOPLIST_KEY_UIApplicationSceneManifest_Generation = YES;
				INFOPLIST_KEY_UIApplicationSupportsIndirectInputEvents = YES;
				INFOPLIST_KEY_UILaunchScreen_Generation = YES;
				INFOPLIST_KEY_UISupportedInterfaceOrientations_iPad = "UIInterfaceOrientationPortrait UIInterfaceOrientationPortraitUpsideDown UIInterfaceOrientationLandscapeLeft UIInterfaceOrientationLandscapeRight";
				INFOPLIST_KEY_UISupportedInterfaceOrientations_iPhone = "UIInterfaceOrientationPortrait UIInterfaceOrientationLandscapeLeft UIInterfaceOrientationLandscapeRight";
				LD_RUNPATH_SEARCH_PATHS = (
					"$(inherited)",
					"@executable_path/Frameworks",
				);
				MARKETING_VERSION = 1.0;
				PRODUCT_BUNDLE_IDENTIFIER = "com.prag-matic.ContractorQRScanner";
				PRODUCT_NAME = "$(TARGET_NAME)";
				STRING_CATALOG_GENERATE_SYMBOLS = YES;
				SWIFT_APPROACHABLE_CONCURRENCY = YES;
				SWIFT_DEFAULT_ACTOR_ISOLATION = MainActor;
				SWIFT_EMIT_LOC_STRINGS = YES;
				SWIFT_UPCOMING_FEATURE_MEMBER_IMPORT_VISIBILITY = YES;
				SWIFT_VERSION = 5.0;
				TARGETED_DEVICE_FAMILY = "1,2";
			};
			name = Release;
		};
		8B2DD4A72F3B5CF600B747F8 /* Debug */ = {
			isa = XCBuildConfiguration;
			buildSettings = {
				BUNDLE_LOADER = "$(TEST_HOST)";
				CODE_SIGN_STYLE = Automatic;
				CURRENT_PROJECT_VERSION = 1;
				DEVELOPMENT_TEAM = 2DKRJBQGU3;
				GENERATE_INFOPLIST_FILE = YES;
				IPHONEOS_DEPLOYMENT_TARGET = 16.0;
				MARKETING_VERSION = 1.0;
				PRODUCT_BUNDLE_IDENTIFIER = "com.prag-matic.ContractorQRScanner.ContractorQRScannerTests";
				PRODUCT_NAME = "$(TARGET_NAME)";
				STRING_CATALOG_GENERATE_SYMBOLS = NO;
				SWIFT_APPROACHABLE_CONCURRENCY = YES;
				SWIFT_EMIT_LOC_STRINGS = NO;
				SWIFT_UPCOMING_FEATURE_MEMBER_IMPORT_VISIBILITY = YES;
				SWIFT_VERSION = 5.0;
				TARGETED_DEVICE_FAMILY = "1,2";
				TEST_HOST = "$(BUILT_PRODUCTS_DIR)/ContractorQRScanner.app/$(BUNDLE_EXECUTABLE_FOLDER_PATH)/ContractorQRScanner";
			};
			name = Debug;
		};
		8B2DD4A82F3B5CF600B747F8 /* Release */ = {
			isa = XCBuildConfiguration;
			buildSettings = {
				BUNDLE_LOADER = "$(TEST_HOST)";
				CODE_SIGN_STYLE = Automatic;
				CURRENT_PROJECT_VERSION = 1;
				DEVELOPMENT_TEAM = 2DKRJBQGU3;
				GENERATE_INFOPLIST_FILE = YES;
				IPHONEOS_DEPLOYMENT_TARGET = 16.0;
				MARKETING_VERSION = 1.0;
				PRODUCT_BUNDLE_IDENTIFIER = "com.prag-matic.ContractorQRScanner.ContractorQRScannerTests";
				PRODUCT_NAME = "$(TARGET_NAME)";
				STRING_CATALOG_GENERATE_SYMBOLS = NO;
				SWIFT_APPROACHABLE_CONCURRENCY = YES;
				SWIFT_EMIT_LOC_STRINGS = NO;
				SWIFT_UPCOMING_FEATURE_MEMBER_IMPORT_VISIBILITY = YES;
				SWIFT_VERSION = 5.0;
				TARGETED_DEVICE_FAMILY = "1,2";
				TEST_HOST = "$(BUILT_PRODUCTS_DIR)/ContractorQRScanner.app/$(BUNDLE_EXECUTABLE_FOLDER_PATH)/ContractorQRScanner";
			};
			name = Release;
		};
		8B2DD4AA2F3B5CF600B747F8 /* Debug */ = {
			isa = XCBuildConfiguration;
			buildSettings = {
				CODE_SIGN_STYLE = Automatic;
				CURRENT_PROJECT_VERSION = 1;
				DEVELOPMENT_TEAM = 2DKRJBQGU3;
				GENERATE_INFOPLIST_FILE = YES;
				MARKETING_VERSION = 1.0;
				PRODUCT_BUNDLE_IDENTIFIER = "com.prag-matic.ContractorQRScanner.ContractorQRScannerUITests";
				PRODUCT_NAME = "$(TARGET_NAME)";
				STRING_CATALOG_GENERATE_SYMBOLS = NO;
				SWIFT_APPROACHABLE_CONCURRENCY = YES;
				SWIFT_EMIT_LOC_STRINGS = NO;
				SWIFT_UPCOMING_FEATURE_MEMBER_IMPORT_VISIBILITY = YES;
				SWIFT_VERSION = 5.0;
				TARGETED_DEVICE_FAMILY = "1,2";
				TEST_TARGET_NAME = ContractorQRScanner;
			};
			name = Debug;
		};
		8B2DD4AB2F3B5CF600B747F8 /* Release */ = {
			isa = XCBuildConfiguration;
			buildSettings = {
				CODE_SIGN_STYLE = Automatic;
				CURRENT_PROJECT_VERSION = 1;
				DEVELOPMENT_TEAM = 2DKRJBQGU3;
				GENERATE_INFOPLIST_FILE = YES;
				MARKETING_VERSION = 1.0;
				PRODUCT_BUNDLE_IDENTIFIER = "com.prag-matic.ContractorQRScanner.ContractorQRScannerUITests";
				PRODUCT_NAME = "$(TARGET_NAME)";
				STRING_CATALOG_GENERATE_SYMBOLS = NO;
				SWIFT_APPROACHABLE_CONCURRENCY = YES;
				SWIFT_EMIT_LOC_STRINGS = NO;
				SWIFT_UPCOMING_FEATURE_MEMBER_IMPORT_VISIBILITY = YES;
				SWIFT_VERSION = 5.0;
				TARGETED_DEVICE_FAMILY = "1,2";
				TEST_TARGET_NAME = ContractorQRScanner;
			};
			name = Release;
		};
/* End XCBuildConfiguration section */

/* Begin XCConfigurationList section */
		8B2DD47D2F3B5CF500B747F8 /* Build configuration list for PBXProject "ContractorQRScanner" */ = {
			isa = XCConfigurationList;
			buildConfigurations = (
				8B2DD4A12F3B5CF600B747F8 /* Debug */,
				8B2DD4A22F3B5CF600B747F8 /* Release */,
			);
			defaultConfigurationIsVisible = 0;
			defaultConfigurationName = Release;
		};
		8B2DD4A32F3B5CF600B747F8 /* Build configuration list for PBXNativeTarget "ContractorQRScanner" */ = {
			isa = XCConfigurationList;
			buildConfigurations = (
				8B2DD4A42F3B5CF600B747F8 /* Debug */,
				8B2DD4A52F3B5CF600B747F8 /* Release */,
			);
			defaultConfigurationIsVisible = 0;
			defaultConfigurationName = Release;
		};
		8B2DD4A62F3B5CF600B747F8 /* Build configuration list for PBXNativeTarget "ContractorQRScannerTests" */ = {
			isa = XCConfigurationList;
			buildConfigurations = (
				8B2DD4A72F3B5CF600B747F8 /* Debug */,
				8B2DD4A82F3B5CF600B747F8 /* Release */,
			);
			defaultConfigurationIsVisible = 0;
			defaultConfigurationName = Release;
		};
		8B2DD4A92F3B5CF600B747F8 /* Build configuration list for PBXNativeTarget "ContractorQRScannerUITests" */ = {
			isa = XCConfigurationList;
			buildConfigurations = (
				8B2DD4AA2F3B5CF600B747F8 /* Debug */,
				8B2DD4AB2F3B5CF600B747F8 /* Release */,
			);
			defaultConfigurationIsVisible = 0;
			defaultConfigurationName = Release;
		};
/* End XCConfigurationList section */
	};
	rootObject = 8B2DD47A2F3B5CF500B747F8 /* Project object */;
}
